// !$*UTF8*$!
{
	archiveVersion = 1;
	classes = {
	};
	objectVersion = 55;
	objects = {

/* Begin PBXBuildFile section */
		9F294B3A2878CC3200D8C025 /* AppStatusItemMenu.swift in Sources */ = {isa = PBXBuildFile; fileRef = 9F294B392878CC3200D8C025 /* AppStatusItemMenu.swift */; };
		9F294B3C2878CD8E00D8C025 /* AppStatusItemMenuDelegate.swift in Sources */ = {isa = PBXBuildFile; fileRef = 9F294B3B2878CD8E00D8C025 /* AppStatusItemMenuDelegate.swift */; };
		9F294B41287903BE00D8C025 /* AppleScriptExecutor.swift in Sources */ = {isa = PBXBuildFile; fileRef = 9F294B40287903BE00D8C025 /* AppleScriptExecutor.swift */; };
		9F294B4A287A490500D8C025 /* ToggleDesktopVisibility.scpt in Resources */ = {isa = PBXBuildFile; fileRef = 9F294B49287A490500D8C025 /* ToggleDesktopVisibility.scpt */; };
		9F65A2112842DB9000F5319F /* WorkyApp.swift in Sources */ = {isa = PBXBuildFile; fileRef = 9F65A2102842DB9000F5319F /* WorkyApp.swift */; };
		9F65A2132842DB9000F5319F /* CreateWorkspaceView.swift in Sources */ = {isa = PBXBuildFile; fileRef = 9F65A2122842DB9000F5319F /* CreateWorkspaceView.swift */; };
		9F65A2152842DB9200F5319F /* Assets.xcassets in Resources */ = {isa = PBXBuildFile; fileRef = 9F65A2142842DB9200F5319F /* Assets.xcassets */; };
		9F65A2182842DB9200F5319F /* Preview Assets.xcassets in Resources */ = {isa = PBXBuildFile; fileRef = 9F65A2172842DB9200F5319F /* Preview Assets.xcassets */; };
		9F65A2212845608D00F5319F /* Workspace.swift in Sources */ = {isa = PBXBuildFile; fileRef = 9F65A2202845608D00F5319F /* Workspace.swift */; };
		9F744C30284D21550049AE08 /* AppDelegate.swift in Sources */ = {isa = PBXBuildFile; fileRef = 9F744C2F284D21550049AE08 /* AppDelegate.swift */; };
/* End PBXBuildFile section */

/* Begin PBXFileReference section */
		9F294B392878CC3200D8C025 /* AppStatusItemMenu.swift */ = {isa = PBXFileReference; lastKnownFileType = sourcecode.swift; path = AppStatusItemMenu.swift; sourceTree = "<group>"; };
		9F294B3B2878CD8E00D8C025 /* AppStatusItemMenuDelegate.swift */ = {isa = PBXFileReference; lastKnownFileType = sourcecode.swift; path = AppStatusItemMenuDelegate.swift; sourceTree = "<group>"; };
		9F294B40287903BE00D8C025 /* AppleScriptExecutor.swift */ = {isa = PBXFileReference; lastKnownFileType = sourcecode.swift; path = AppleScriptExecutor.swift; sourceTree = "<group>"; };
		9F294B49287A490500D8C025 /* ToggleDesktopVisibility.scpt */ = {isa = PBXFileReference; lastKnownFileType = text; path = ToggleDesktopVisibility.scpt; sourceTree = "<group>"; };
		9F65A20D2842DB9000F5319F /* Worky.app */ = {isa = PBXFileReference; explicitFileType = wrapper.application; includeInIndex = 0; path = Worky.app; sourceTree = BUILT_PRODUCTS_DIR; };
		9F65A2102842DB9000F5319F /* WorkyApp.swift */ = {isa = PBXFileReference; lastKnownFileType = sourcecode.swift; path = WorkyApp.swift; sourceTree = "<group>"; };
		9F65A2122842DB9000F5319F /* CreateWorkspaceView.swift */ = {isa = PBXFileReference; lastKnownFileType = sourcecode.swift; path = CreateWorkspaceView.swift; sourceTree = "<group>"; };
		9F65A2142842DB9200F5319F /* Assets.xcassets */ = {isa = PBXFileReference; lastKnownFileType = folder.assetcatalog; path = Assets.xcassets; sourceTree = "<group>"; };
		9F65A2172842DB9200F5319F /* Preview Assets.xcassets */ = {isa = PBXFileReference; lastKnownFileType = folder.assetcatalog; path = "Preview Assets.xcassets"; sourceTree = "<group>"; };
		9F65A2192842DB9200F5319F /* Worky.entitlements */ = {isa = PBXFileReference; lastKnownFileType = text.plist.entitlements; path = Worky.entitlements; sourceTree = "<group>"; };
		9F65A21F28431B3000F5319F /* Info.plist */ = {isa = PBXFileReference; lastKnownFileType = text.plist; path = Info.plist; sourceTree = "<group>"; };
		9F65A2202845608D00F5319F /* Workspace.swift */ = {isa = PBXFileReference; lastKnownFileType = sourcecode.swift; path = Workspace.swift; sourceTree = "<group>"; };
		9F744C2F284D21550049AE08 /* AppDelegate.swift */ = {isa = PBXFileReference; lastKnownFileType = sourcecode.swift; path = AppDelegate.swift; sourceTree = "<group>"; };
/* End PBXFileReference section */

/* Begin PBXFrameworksBuildPhase section */
		9F65A20A2842DB9000F5319F /* Frameworks */ = {
			isa = PBXFrameworksBuildPhase;
			buildActionMask = 2147483647;
			files = (
			);
			runOnlyForDeploymentPostprocessing = 0;
		};
/* End PBXFrameworksBuildPhase section */

/* Begin PBXGroup section */
		9F294B362878CA9900D8C025 /* Status Item */ = {
			isa = PBXGroup;
			children = (
				9F294B392878CC3200D8C025 /* AppStatusItemMenu.swift */,
				9F294B3B2878CD8E00D8C025 /* AppStatusItemMenuDelegate.swift */,
			);
			path = "Status Item";
			sourceTree = "<group>";
		};
		9F294B422879049400D8C025 /* Resources */ = {
			isa = PBXGroup;
			children = (
				9F294B49287A490500D8C025 /* ToggleDesktopVisibility.scpt */,
			);
			path = Resources;
			sourceTree = "<group>";
		};
		9F65A2042842DB9000F5319F = {
			isa = PBXGroup;
			children = (
				9F65A20F2842DB9000F5319F /* Worky */,
				9F65A20E2842DB9000F5319F /* Products */,
			);
			sourceTree = "<group>";
		};
		9F65A20E2842DB9000F5319F /* Products */ = {
			isa = PBXGroup;
			children = (
				9F65A20D2842DB9000F5319F /* Worky.app */,
			);
			name = Products;
			sourceTree = "<group>";
		};
		9F65A20F2842DB9000F5319F /* Worky */ = {
			isa = PBXGroup;
			children = (
				9F65A2102842DB9000F5319F /* WorkyApp.swift */,
				9F744C2F284D21550049AE08 /* AppDelegate.swift */,
				9F294B362878CA9900D8C025 /* Status Item */,
				9F65A22928456F2000F5319F /* Model */,
				9F65A22828456F1400F5319F /* View */,
				9F294B422879049400D8C025 /* Resources */,
				9F65A2142842DB9200F5319F /* Assets.xcassets */,
				9F65A2192842DB9200F5319F /* Worky.entitlements */,
				9F65A21F28431B3000F5319F /* Info.plist */,
				9F65A2162842DB9200F5319F /* Preview Content */,
			);
			path = Worky;
			sourceTree = "<group>";
		};
		9F65A2162842DB9200F5319F /* Preview Content */ = {
			isa = PBXGroup;
			children = (
				9F65A2172842DB9200F5319F /* Preview Assets.xcassets */,
			);
			path = "Preview Content";
			sourceTree = "<group>";
		};
		9F65A22828456F1400F5319F /* View */ = {
			isa = PBXGroup;
			children = (
				9F65A2122842DB9000F5319F /* CreateWorkspaceView.swift */,
			);
			path = View;
			sourceTree = "<group>";
		};
		9F65A22928456F2000F5319F /* Model */ = {
			isa = PBXGroup;
			children = (
				9F65A2202845608D00F5319F /* Workspace.swift */,
				9F294B40287903BE00D8C025 /* AppleScriptExecutor.swift */,
			);
			path = Model;
			sourceTree = "<group>";
		};
/* End PBXGroup section */

/* Begin PBXNativeTarget section */
		9F65A20C2842DB9000F5319F /* Worky */ = {
			isa = PBXNativeTarget;
			buildConfigurationList = 9F65A21C2842DB9200F5319F /* Build configuration list for PBXNativeTarget "Worky" */;
			buildPhases = (
				9F65A2092842DB9000F5319F /* Sources */,
				9F65A20A2842DB9000F5319F /* Frameworks */,
				9F65A20B2842DB9000F5319F /* Resources */,
			);
			buildRules = (
			);
			dependencies = (
			);
			name = Worky;
			productName = Worky;
			productReference = 9F65A20D2842DB9000F5319F /* Worky.app */;
			productType = "com.apple.product-type.application";
		};
/* End PBXNativeTarget section */

/* Begin PBXProject section */
		9F65A2052842DB9000F5319F /* Project object */ = {
			isa = PBXProject;
			attributes = {
				BuildIndependentTargetsInParallel = 1;
				LastSwiftUpdateCheck = 1330;
				LastUpgradeCheck = 1330;
				TargetAttributes = {
					9F65A20C2842DB9000F5319F = {
						CreatedOnToolsVersion = 13.3.1;
					};
				};
			};
			buildConfigurationList = 9F65A2082842DB9000F5319F /* Build configuration list for PBXProject "Worky" */;
			compatibilityVersion = "Xcode 13.0";
			developmentRegion = en;
			hasScannedForEncodings = 0;
			knownRegions = (
				en,
				Base,
			);
			mainGroup = 9F65A2042842DB9000F5319F;
			productRefGroup = 9F65A20E2842DB9000F5319F /* Products */;
			projectDirPath = "";
			projectRoot = "";
			targets = (
				9F65A20C2842DB9000F5319F /* Worky */,
			);
		};
/* End PBXProject section */

/* Begin PBXResourcesBuildPhase section */
		9F65A20B2842DB9000F5319F /* Resources */ = {
			isa = PBXResourcesBuildPhase;
			buildActionMask = 2147483647;
			files = (
				9F294B4A287A490500D8C025 /* ToggleDesktopVisibility.scpt in Resources */,
				9F65A2182842DB9200F5319F /* Preview Assets.xcassets in Resources */,
				9F65A2152842DB9200F5319F /* Assets.xcassets in Resources */,
			);
			runOnlyForDeploymentPostprocessing = 0;
		};
/* End PBXResourcesBuildPhase section */

/* Begin PBXSourcesBuildPhase section */
		9F65A2092842DB9000F5319F /* Sources */ = {
			isa = PBXSourcesBuildPhase;
			buildActionMask = 2147483647;
			files = (
				9F65A2212845608D00F5319F /* Workspace.swift in Sources */,
				9F65A2132842DB9000F5319F /* CreateWorkspaceView.swift in Sources */,
				9F65A2112842DB9000F5319F /* WorkyApp.swift in Sources */,
				9F744C30284D21550049AE08 /* AppDelegate.swift in Sources */,
				9F294B41287903BE00D8C025 /* AppleScriptExecutor.swift in Sources */,
				9F294B3C2878CD8E00D8C025 /* AppStatusItemMenuDelegate.swift in Sources */,
				9F294B3A2878CC3200D8C025 /* AppStatusItemMenu.swift in Sources */,
			);
			runOnlyForDeploymentPostprocessing = 0;
		};
/* End PBXSourcesBuildPhase section */

/* Begin XCBuildConfiguration section */
		9F65A21A2842DB9200F5319F /* Debug */ = {
			isa = XCBuildConfiguration;
			buildSettings = {
				ALWAYS_SEARCH_USER_PATHS = NO;
				CLANG_ANALYZER_NONNULL = YES;
				CLANG_ANALYZER_NUMBER_OBJECT_CONVERSION = YES_AGGRESSIVE;
				CLANG_CXX_LANGUAGE_STANDARD = "gnu++17";
				CLANG_ENABLE_MODULES = YES;
				CLANG_ENABLE_OBJC_ARC = YES;
				CLANG_ENABLE_OBJC_WEAK = YES;
				CLANG_WARN_BLOCK_CAPTURE_AUTORELEASING = YES;
				CLANG_WARN_BOOL_CONVERSION = YES;
				CLANG_WARN_COMMA = YES;
				CLANG_WARN_CONSTANT_CONVERSION = YES;
				CLANG_WARN_DEPRECATED_OBJC_IMPLEMENTATIONS = YES;
				CLANG_WARN_DIRECT_OBJC_ISA_USAGE = YES_ERROR;
				CLANG_WARN_DOCUMENTATION_COMMENTS = YES;
				CLANG_WARN_EMPTY_BODY = YES;
				CLANG_WARN_ENUM_CONVERSION = YES;
				CLANG_WARN_INFINITE_RECURSION = YES;
				CLANG_WARN_INT_CONVERSION = YES;
				CLANG_WARN_NON_LITERAL_NULL_CONVERSION = YES;
				CLANG_WARN_OBJC_IMPLICIT_RETAIN_SELF = YES;
				CLANG_WARN_OBJC_LITERAL_CONVERSION = YES;
				CLANG_WARN_OBJC_ROOT_CLASS = YES_ERROR;
				CLANG_WARN_QUOTED_INCLUDE_IN_FRAMEWORK_HEADER = YES;
				CLANG_WARN_RANGE_LOOP_ANALYSIS = YES;
				CLANG_WARN_STRICT_PROTOTYPES = YES;
				CLANG_WARN_SUSPICIOUS_MOVE = YES;
				CLANG_WARN_UNGUARDED_AVAILABILITY = YES_AGGRESSIVE;
				CLANG_WARN_UNREACHABLE_CODE = YES;
				CLANG_WARN__DUPLICATE_METHOD_MATCH = YES;
				COPY_PHASE_STRIP = NO;
				DEBUG_INFORMATION_FORMAT = dwarf;
				ENABLE_STRICT_OBJC_MSGSEND = YES;
				ENABLE_TESTABILITY = YES;
				GCC_C_LANGUAGE_STANDARD = gnu11;
				GCC_DYNAMIC_NO_PIC = NO;
				GCC_NO_COMMON_BLOCKS = YES;
				GCC_OPTIMIZATION_LEVEL = 0;
				GCC_PREPROCESSOR_DEFINITIONS = (
					"DEBUG=1",
					"$(inherited)",
				);
				GCC_WARN_64_TO_32_BIT_CONVERSION = YES;
				GCC_WARN_ABOUT_RETURN_TYPE = YES_ERROR;
				GCC_WARN_UNDECLARED_SELECTOR = YES;
				GCC_WARN_UNINITIALIZED_AUTOS = YES_AGGRESSIVE;
				GCC_WARN_UNUSED_FUNCTION = YES;
				GCC_WARN_UNUSED_VARIABLE = YES;
				MACOSX_DEPLOYMENT_TARGET = 12.3;
				MTL_ENABLE_DEBUG_INFO = INCLUDE_SOURCE;
				MTL_FAST_MATH = YES;
				ONLY_ACTIVE_ARCH = YES;
				SDKROOT = macosx;
				SWIFT_ACTIVE_COMPILATION_CONDITIONS = DEBUG;
				SWIFT_OPTIMIZATION_LEVEL = "-Onone";
			};
			name = Debug;
		};
		9F65A21B2842DB9200F5319F /* Release */ = {
			isa = XCBuildConfiguration;
			buildSettings = {
				ALWAYS_SEARCH_USER_PATHS = NO;
				CLANG_ANALYZER_NONNULL = YES;
				CLANG_ANALYZER_NUMBER_OBJECT_CONVERSION = YES_AGGRESSIVE;
				CLANG_CXX_LANGUAGE_STANDARD = "gnu++17";
				CLANG_ENABLE_MODULES = YES;
				CLANG_ENABLE_OBJC_ARC = YES;
				CLANG_ENABLE_OBJC_WEAK = YES;
				CLANG_WARN_BLOCK_CAPTURE_AUTORELEASING = YES;
				CLANG_WARN_BOOL_CONVERSION = YES;
				CLANG_WARN_COMMA = YES;
				CLANG_WARN_CONSTANT_CONVERSION = YES;
				CLANG_WARN_DEPRECATED_OBJC_IMPLEMENTATIONS = YES;
				CLANG_WARN_DIRECT_OBJC_ISA_USAGE = YES_ERROR;
				CLANG_WARN_DOCUMENTATION_COMMENTS = YES;
				CLANG_WARN_EMPTY_BODY = YES;
				CLANG_WARN_ENUM_CONVERSION = YES;
				CLANG_WARN_INFINITE_RECURSION = YES;
				CLANG_WARN_INT_CONVERSION = YES;
				CLANG_WARN_NON_LITERAL_NULL_CONVERSION = YES;
				CLANG_WARN_OBJC_IMPLICIT_RETAIN_SELF = YES;
				CLANG_WARN_OBJC_LITERAL_CONVERSION = YES;
				CLANG_WARN_OBJC_ROOT_CLASS = YES_ERROR;
				CLANG_WARN_QUOTED_INCLUDE_IN_FRAMEWORK_HEADER = YES;
				CLANG_WARN_RANGE_LOOP_ANALYSIS = YES;
				CLANG_WARN_STRICT_PROTOTYPES = YES;
				CLANG_WARN_SUSPICIOUS_MOVE = YES;
				CLANG_WARN_UNGUARDED_AVAILABILITY = YES_AGGRESSIVE;
				CLANG_WARN_UNREACHABLE_CODE = YES;
				CLANG_WARN__DUPLICATE_METHOD_MATCH = YES;
				COPY_PHASE_STRIP = NO;
				DEBUG_INFORMATION_FORMAT = "dwarf-with-dsym";
				ENABLE_NS_ASSERTIONS = NO;
				ENABLE_STRICT_OBJC_MSGSEND = YES;
				GCC_C_LANGUAGE_STANDARD = gnu11;
				GCC_NO_COMMON_BLOCKS = YES;
				GCC_WARN_64_TO_32_BIT_CONVERSION = YES;
				GCC_WARN_ABOUT_RETURN_TYPE = YES_ERROR;
				GCC_WARN_UNDECLARED_SELECTOR = YES;
				GCC_WARN_UNINITIALIZED_AUTOS = YES_AGGRESSIVE;
				GCC_WARN_UNUSED_FUNCTION = YES;
				GCC_WARN_UNUSED_VARIABLE = YES;
				MACOSX_DEPLOYMENT_TARGET = 12.3;
				MTL_ENABLE_DEBUG_INFO = NO;
				MTL_FAST_MATH = YES;
				SDKROOT = macosx;
				SWIFT_COMPILATION_MODE = wholemodule;
				SWIFT_OPTIMIZATION_LEVEL = "-O";
			};
			name = Release;
		};
		9F65A21D2842DB9200F5319F /* Debug */ = {
			isa = XCBuildConfiguration;
			buildSettings = {
				ASSETCATALOG_COMPILER_APPICON_NAME = AppIcon;
				ASSETCATALOG_COMPILER_GLOBAL_ACCENT_COLOR_NAME = AccentColor;
				CODE_SIGN_ENTITLEMENTS = Worky/Worky.entitlements;
				CODE_SIGN_STYLE = Automatic;
				COMBINE_HIDPI_IMAGES = YES;
				CURRENT_PROJECT_VERSION = 1;
				DEVELOPMENT_ASSET_PATHS = "\"Worky/Preview Content\"";
				ENABLE_PREVIEWS = YES;
				GENERATE_INFOPLIST_FILE = YES;
				INFOPLIST_FILE = Worky/Info.plist;
				INFOPLIST_KEY_NSHumanReadableCopyright = "";
				LD_RUNPATH_SEARCH_PATHS = (
					"$(inherited)",
					"@executable_path/../Frameworks",
				);
				MARKETING_VERSION = 1.0;
				PRODUCT_BUNDLE_IDENTIFIER = net.betweenframes.Worky;
				PRODUCT_NAME = "$(TARGET_NAME)";
				SWIFT_EMIT_LOC_STRINGS = YES;
				SWIFT_VERSION = 5.0;
			};
			name = Debug;
		};
		9F65A21E2842DB9200F5319F /* Release */ = {
			isa = XCBuildConfiguration;
			buildSettings = {
				ASSETCATALOG_COMPILER_APPICON_NAME = AppIcon;
				ASSETCATALOG_COMPILER_GLOBAL_ACCENT_COLOR_NAME = AccentColor;
				CODE_SIGN_ENTITLEMENTS = Worky/Worky.entitlements;
				CODE_SIGN_STYLE = Automatic;
				COMBINE_HIDPI_IMAGES = YES;
				CURRENT_PROJECT_VERSION = 1;
				DEVELOPMENT_ASSET_PATHS = "\"Worky/Preview Content\"";
				ENABLE_PREVIEWS = YES;
				GENERATE_INFOPLIST_FILE = YES;
				INFOPLIST_FILE = Worky/Info.plist;
				INFOPLIST_KEY_NSHumanReadableCopyright = "";
				LD_RUNPATH_SEARCH_PATHS = (
					"$(inherited)",
					"@executable_path/../Frameworks",
				);
				MARKETING_VERSION = 1.0;
				PRODUCT_BUNDLE_IDENTIFIER = net.betweenframes.Worky;
				PRODUCT_NAME = "$(TARGET_NAME)";
				SWIFT_EMIT_LOC_STRINGS = YES;
				SWIFT_VERSION = 5.0;
			};
			name = Release;
		};
/* End XCBuildConfiguration section */

/* Begin XCConfigurationList section */
		9F65A2082842DB9000F5319F /* Build configuration list for PBXProject "Worky" */ = {
			isa = XCConfigurationList;
			buildConfigurations = (
				9F65A21A2842DB9200F5319F /* Debug */,
				9F65A21B2842DB9200F5319F /* Release */,
			);
			defaultConfigurationIsVisible = 0;
			defaultConfigurationName = Release;
		};
		9F65A21C2842DB9200F5319F /* Build configuration list for PBXNativeTarget "Worky" */ = {
			isa = XCConfigurationList;
			buildConfigurations = (
				9F65A21D2842DB9200F5319F /* Debug */,
				9F65A21E2842DB9200F5319F /* Release */,
			);
			defaultConfigurationIsVisible = 0;
			defaultConfigurationName = Release;
		};
/* End XCConfigurationList section */
	};
	rootObject = 9F65A2052842DB9000F5319F /* Project object */;
}
